
Microsoft Visual Studio Solution File, Format Version 12.00
# Visual Studio Version 17
VisualStudioVersion = 17.11.35303.130
MinimumVisualStudioVersion = 10.0.40219.1
Project("{FAE04EC0-301F-11D3-BF4B-00C04F79EFBC}") = "ContosoUniversity", "ContosoUniversity.csproj", "{7BE09721-29AC-4228-B453-35F5AA7CA54A}"
EndProject
Global
	GlobalSection(SolutionConfigurationPlatforms) = preSolution
		Debug|Any CPU = Debug|Any CPU
		Release|Any CPU = Release|Any CPU
	EndGlobalSection
	GlobalSection(ProjectConfigurationPlatforms) = postSolution
		{7BE09721-29AC-4228-B453-35F5AA7CA54A}.Debug|Any CPU.ActiveCfg = Debug|Any CPU
		{7BE09721-29AC-4228-B453-35F5AA7CA54A}.Debug|Any CPU.Build.0 = Debug|Any CPU
		{7BE09721-29AC-4228-B453-35F5AA7CA54A}.Release|Any CPU.ActiveCfg = Release|Any CPU
		{7BE09721-29AC-4228-B453-35F5AA7CA54A}.Release|Any CPU.Build.0 = Release|Any CPU
	EndGlobalSection
	GlobalSection(SolutionProperties) = preSolution
		HideSolutionNode = FALSE
	EndGlobalSection
	GlobalSection(ExtensibilityGlobals) = postSolution
		SolutionGuid = {E5D6D97E-4176-4E2A-9695-566E6728D0F6}
	EndGlobalSection
EndGlobal
